
Microsoft Visual Studio Solution File, Format Version 12.00
# Visual Studio Version 17
VisualStudioVersion = 17.3.32922.545
MinimumVisualStudioVersion = 10.0.40219.1
Project("{FAE04EC0-301F-11D3-BF4B-00C04F79EFBC}") = "exercise_1", "exercise_1\exercise_1.csproj", "{033D556E-52D7-4225-B3F2-06858FE83005}"
EndProject
Project("{FAE04EC0-301F-11D3-BF4B-00C04F79EFBC}") = "exercise_2", "exercise_2\exercise_2.csproj", "{D1840816-CA6D-4102-8E5A-EE399CC67988}"
EndProject
Project("{FAE04EC0-301F-11D3-BF4B-00C04F79EFBC}") = "exercise_3", "exercise_3\exercise_3.csproj", "{E19CEBA0-316F-4DC8-8F38-DC0ED236C025}"
EndProject
Project("{FAE04EC0-301F-11D3-BF4B-00C04F79EFBC}") = "exercise_4", "exercise_4\exercise_4.csproj", "{19A0AC0D-A247-43B1-87A9-4B8AE773AFF0}"
EndProject
Project("{FAE04EC0-301F-11D3-BF4B-00C04F79EFBC}") = "exercise_5", "exercise_5\exercise_5.csproj", "{459FFE19-7C87-4F2D-AE0B-A53F627E9E05}"
EndProject
Project("{FAE04EC0-301F-11D3-BF4B-00C04F79EFBC}") = "exercise_6", "exercise_6\exercise_6.csproj", "{FEC4DFB9-3AA9-42C0-9943-5E3F78B5A083}"
EndProject
Project("{FAE04EC0-301F-11D3-BF4B-00C04F79EFBC}") = "exercise_7", "exercise_7\exercise_7.csproj", "{5856908F-48B2-4C61-8D86-A758A30B62C3}"
EndProject
Project("{FAE04EC0-301F-11D3-BF4B-00C04F79EFBC}") = "exercise_8", "exercise_8\exercise_8.csproj", "{3F3B515E-4D5F-40B8-961E-F244EE57F2E7}"
EndProject
Project("{FAE04EC0-301F-11D3-BF4B-00C04F79EFBC}") = "exercise_9", "exercise_9\exercise_9.csproj", "{65B14843-5349-48AE-A260-0AC64B63F72E}"
EndProject
Project("{FAE04EC0-301F-11D3-BF4B-00C04F79EFBC}") = "exercise_10", "exercise_10\exercise_10.csproj", "{AF322A9D-F31C-4F26-95B9-F2021451F652}"
EndProject
Project("{FAE04EC0-301F-11D3-BF4B-00C04F79EFBC}") = "exercise_11", "exercise_11\exercise_11.csproj", "{D75E1C8E-77B7-48BD-9ED4-EA9C2B1DAA62}"
EndProject
Project("{FAE04EC0-301F-11D3-BF4B-00C04F79EFBC}") = "exercise_12", "exercise_12\exercise_12.csproj", "{48EAD98D-44D9-4525-914B-08C9A928FA9F}"
EndProject
Project("{FAE04EC0-301F-11D3-BF4B-00C04F79EFBC}") = "exercise_13", "exercise_13\exercise_13.csproj", "{B4670AE8-EA5C-4F5E-82F3-81F5E1B9E3FF}"
EndProject
Project("{FAE04EC0-301F-11D3-BF4B-00C04F79EFBC}") = "exercise_14", "exercise_14\exercise_14.csproj", "{07B2C820-59DD-4E0E-B7A4-AFC7233044A1}"
EndProject
Project("{FAE04EC0-301F-11D3-BF4B-00C04F79EFBC}") = "exercise_15", "exercise_15\exercise_15.csproj", "{AFE21596-CC39-4943-B38A-9ACD68769CA2}"
EndProject
Project("{FAE04EC0-301F-11D3-BF4B-00C04F79EFBC}") = "exercise_16", "exercise_16\exercise_16.csproj", "{34DF0C62-EBB9-406C-B104-4CE0144227E8}"
EndProject
Project("{FAE04EC0-301F-11D3-BF4B-00C04F79EFBC}") = "exercise_17", "exercise_17\exercise_17.csproj", "{6A9F44A7-23B8-444C-A438-FDA831AF1822}"
EndProject
Project("{FAE04EC0-301F-11D3-BF4B-00C04F79EFBC}") = "exercise_18", "exercise_18\exercise_18.csproj", "{8FCE4E8A-381C-40E3-8678-A380366A3618}"
EndProject
Project("{FAE04EC0-301F-11D3-BF4B-00C04F79EFBC}") = "exercise_19", "exercise_19\exercise_19.csproj", "{1C7E9739-77A1-4661-AE07-1B0407F2160B}"
EndProject
Project("{FAE04EC0-301F-11D3-BF4B-00C04F79EFBC}") = "exercise_20", "exercise_20\exercise_20.csproj", "{0DC5695F-B10B-4CA7-97FC-D8BAE1ED86C5}"
EndProject
Project("{FAE04EC0-301F-11D3-BF4B-00C04F79EFBC}") = "exercise_21", "exercise_21\exercise_21.csproj", "{C4079F5E-3CC6-4E2B-8AF0-8EE149DA49FE}"
EndProject
Project("{FAE04EC0-301F-11D3-BF4B-00C04F79EFBC}") = "exercise_22", "exercise_22\exercise_22.csproj", "{A6DB4162-2744-4E0A-BDB4-952806C2FA5A}"
EndProject
Project("{FAE04EC0-301F-11D3-BF4B-00C04F79EFBC}") = "exercise_23", "exercise_23\exercise_23.csproj", "{061C9EB4-04AB-4E45-8B4F-C9D7EEDE66FE}"
EndProject
Global
	GlobalSection(SolutionConfigurationPlatforms) = preSolution
		Debug|Any CPU = Debug|Any CPU
		Release|Any CPU = Release|Any CPU
	EndGlobalSection
	GlobalSection(ProjectConfigurationPlatforms) = postSolution
		{033D556E-52D7-4225-B3F2-06858FE83005}.Debug|Any CPU.ActiveCfg = Debug|Any CPU
		{033D556E-52D7-4225-B3F2-06858FE83005}.Debug|Any CPU.Build.0 = Debug|Any CPU
		{033D556E-52D7-4225-B3F2-06858FE83005}.Release|Any CPU.ActiveCfg = Release|Any CPU
		{033D556E-52D7-4225-B3F2-06858FE83005}.Release|Any CPU.Build.0 = Release|Any CPU
		{D1840816-CA6D-4102-8E5A-EE399CC67988}.Debug|Any CPU.ActiveCfg = Debug|Any CPU
		{D1840816-CA6D-4102-8E5A-EE399CC67988}.Debug|Any CPU.Build.0 = Debug|Any CPU
		{D1840816-CA6D-4102-8E5A-EE399CC67988}.Release|Any CPU.ActiveCfg = Release|Any CPU
		{D1840816-CA6D-4102-8E5A-EE399CC67988}.Release|Any CPU.Build.0 = Release|Any CPU
		{E19CEBA0-316F-4DC8-8F38-DC0ED236C025}.Debug|Any CPU.ActiveCfg = Debug|Any CPU
		{E19CEBA0-316F-4DC8-8F38-DC0ED236C025}.Debug|Any CPU.Build.0 = Debug|Any CPU
		{E19CEBA0-316F-4DC8-8F38-DC0ED236C025}.Release|Any CPU.ActiveCfg = Release|Any CPU
		{E19CEBA0-316F-4DC8-8F38-DC0ED236C025}.Release|Any CPU.Build.0 = Release|Any CPU
		{19A0AC0D-A247-43B1-87A9-4B8AE773AFF0}.Debug|Any CPU.ActiveCfg = Debug|Any CPU
		{19A0AC0D-A247-43B1-87A9-4B8AE773AFF0}.Debug|Any CPU.Build.0 = Debug|Any CPU
		{19A0AC0D-A247-43B1-87A9-4B8AE773AFF0}.Release|Any CPU.ActiveCfg = Release|Any CPU
		{19A0AC0D-A247-43B1-87A9-4B8AE773AFF0}.Release|Any CPU.Build.0 = Release|Any CPU
		{459FFE19-7C87-4F2D-AE0B-A53F627E9E05}.Debug|Any CPU.ActiveCfg = Debug|Any CPU
		{459FFE19-7C87-4F2D-AE0B-A53F627E9E05}.Debug|Any CPU.Build.0 = Debug|Any CPU
		{459FFE19-7C87-4F2D-AE0B-A53F627E9E05}.Release|Any CPU.ActiveCfg = Release|Any CPU
		{459FFE19-7C87-4F2D-AE0B-A53F627E9E05}.Release|Any CPU.Build.0 = Release|Any CPU
		{FEC4DFB9-3AA9-42C0-9943-5E3F78B5A083}.Debug|Any CPU.ActiveCfg = Debug|Any CPU
		{FEC4DFB9-3AA9-42C0-9943-5E3F78B5A083}.Debug|Any CPU.Build.0 = Debug|Any CPU
		{FEC4DFB9-3AA9-42C0-9943-5E3F78B5A083}.Release|Any CPU.ActiveCfg = Release|Any CPU
		{FEC4DFB9-3AA9-42C0-9943-5E3F78B5A083}.Release|Any CPU.Build.0 = Release|Any CPU
		{5856908F-48B2-4C61-8D86-A758A30B62C3}.Debug|Any CPU.ActiveCfg = Debug|Any CPU
		{5856908F-48B2-4C61-8D86-A758A30B62C3}.Debug|Any CPU.Build.0 = Debug|Any CPU
		{5856908F-48B2-4C61-8D86-A758A30B62C3}.Release|Any CPU.ActiveCfg = Release|Any CPU
		{5856908F-48B2-4C61-8D86-A758A30B62C3}.Release|Any CPU.Build.0 = Release|Any CPU
		{3F3B515E-4D5F-40B8-961E-F244EE57F2E7}.Debug|Any CPU.ActiveCfg = Debug|Any CPU
		{3F3B515E-4D5F-40B8-961E-F244EE57F2E7}.Debug|Any CPU.Build.0 = Debug|Any CPU
		{3F3B515E-4D5F-40B8-961E-F244EE57F2E7}.Release|Any CPU.ActiveCfg = Release|Any CPU
		{3F3B515E-4D5F-40B8-961E-F244EE57F2E7}.Release|Any CPU.Build.0 = Release|Any CPU
		{65B14843-5349-48AE-A260-0AC64B63F72E}.Debug|Any CPU.ActiveCfg = Debug|Any CPU
		{65B14843-5349-48AE-A260-0AC64B63F72E}.Debug|Any CPU.Build.0 = Debug|Any CPU
		{65B14843-5349-48AE-A260-0AC64B63F72E}.Release|Any CPU.ActiveCfg = Release|Any CPU
		{65B14843-5349-48AE-A260-0AC64B63F72E}.Release|Any CPU.Build.0 = Release|Any CPU
		{AF322A9D-F31C-4F26-95B9-F2021451F652}.Debug|Any CPU.ActiveCfg = Debug|Any CPU
		{AF322A9D-F31C-4F26-95B9-F2021451F652}.Debug|Any CPU.Build.0 = Debug|Any CPU
		{AF322A9D-F31C-4F26-95B9-F2021451F652}.Release|Any CPU.ActiveCfg = Release|Any CPU
		{AF322A9D-F31C-4F26-95B9-F2021451F652}.Release|Any CPU.Build.0 = Release|Any CPU
		{D75E1C8E-77B7-48BD-9ED4-EA9C2B1DAA62}.Debug|Any CPU.ActiveCfg = Debug|Any CPU
		{D75E1C8E-77B7-48BD-9ED4-EA9C2B1DAA62}.Debug|Any CPU.Build.0 = Debug|Any CPU
		{D75E1C8E-77B7-48BD-9ED4-EA9C2B1DAA62}.Release|Any CPU.ActiveCfg = Release|Any CPU
		{D75E1C8E-77B7-48BD-9ED4-EA9C2B1DAA62}.Release|Any CPU.Build.0 = Release|Any CPU
		{48EAD98D-44D9-4525-914B-08C9A928FA9F}.Debug|Any CPU.ActiveCfg = Debug|Any CPU
		{48EAD98D-44D9-4525-914B-08C9A928FA9F}.Debug|Any CPU.Build.0 = Debug|Any CPU
		{48EAD98D-44D9-4525-914B-08C9A928FA9F}.Release|Any CPU.ActiveCfg = Release|Any CPU
		{48EAD98D-44D9-4525-914B-08C9A928FA9F}.Release|Any CPU.Build.0 = Release|Any CPU
		{B4670AE8-EA5C-4F5E-82F3-81F5E1B9E3FF}.Debug|Any CPU.ActiveCfg = Debug|Any CPU
		{B4670AE8-EA5C-4F5E-82F3-81F5E1B9E3FF}.Debug|Any CPU.Build.0 = Debug|Any CPU
		{B4670AE8-EA5C-4F5E-82F3-81F5E1B9E3FF}.Release|Any CPU.ActiveCfg = Release|Any CPU
		{B4670AE8-EA5C-4F5E-82F3-81F5E1B9E3FF}.Release|Any CPU.Build.0 = Release|Any CPU
		{07B2C820-59DD-4E0E-B7A4-AFC7233044A1}.Debug|Any CPU.ActiveCfg = Debug|Any CPU
		{07B2C820-59DD-4E0E-B7A4-AFC7233044A1}.Debug|Any CPU.Build.0 = Debug|Any CPU
		{07B2C820-59DD-4E0E-B7A4-AFC7233044A1}.Release|Any CPU.ActiveCfg = Release|Any CPU
		{07B2C820-59DD-4E0E-B7A4-AFC7233044A1}.Release|Any CPU.Build.0 = Release|Any CPU
		{AFE21596-CC39-4943-B38A-9ACD68769CA2}.Debug|Any CPU.ActiveCfg = Debug|Any CPU
		{AFE21596-CC39-4943-B38A-9ACD68769CA2}.Debug|Any CPU.Build.0 = Debug|Any CPU
		{AFE21596-CC39-4943-B38A-9ACD68769CA2}.Release|Any CPU.ActiveCfg = Release|Any CPU
		{AFE21596-CC39-4943-B38A-9ACD68769CA2}.Release|Any CPU.Build.0 = Release|Any CPU
		{34DF0C62-EBB9-406C-B104-4CE0144227E8}.Debug|Any CPU.ActiveCfg = Debug|Any CPU
		{34DF0C62-EBB9-406C-B104-4CE0144227E8}.Debug|Any CPU.Build.0 = Debug|Any CPU
		{34DF0C62-EBB9-406C-B104-4CE0144227E8}.Release|Any CPU.ActiveCfg = Release|Any CPU
		{34DF0C62-EBB9-406C-B104-4CE0144227E8}.Release|Any CPU.Build.0 = Release|Any CPU
		{6A9F44A7-23B8-444C-A438-FDA831AF1822}.Debug|Any CPU.ActiveCfg = Debug|Any CPU
		{6A9F44A7-23B8-444C-A438-FDA831AF1822}.Debug|Any CPU.Build.0 = Debug|Any CPU
		{6A9F44A7-23B8-444C-A438-FDA831AF1822}.Release|Any CPU.ActiveCfg = Release|Any CPU
		{6A9F44A7-23B8-444C-A438-FDA831AF1822}.Release|Any CPU.Build.0 = Release|Any CPU
		{8FCE4E8A-381C-40E3-8678-A380366A3618}.Debug|Any CPU.ActiveCfg = Debug|Any CPU
		{8FCE4E8A-381C-40E3-8678-A380366A3618}.Debug|Any CPU.Build.0 = Debug|Any CPU
		{8FCE4E8A-381C-40E3-8678-A380366A3618}.Release|Any CPU.ActiveCfg = Release|Any CPU
		{8FCE4E8A-381C-40E3-8678-A380366A3618}.Release|Any CPU.Build.0 = Release|Any CPU
		{1C7E9739-77A1-4661-AE07-1B0407F2160B}.Debug|Any CPU.ActiveCfg = Debug|Any CPU
		{1C7E9739-77A1-4661-AE07-1B0407F2160B}.Debug|Any CPU.Build.0 = Debug|Any CPU
		{1C7E9739-77A1-4661-AE07-1B0407F2160B}.Release|Any CPU.ActiveCfg = Release|Any CPU
		{1C7E9739-77A1-4661-AE07-1B0407F2160B}.Release|Any CPU.Build.0 = Release|Any CPU
		{0DC5695F-B10B-4CA7-97FC-D8BAE1ED86C5}.Debug|Any CPU.ActiveCfg = Debug|Any CPU
		{0DC5695F-B10B-4CA7-97FC-D8BAE1ED86C5}.Debug|Any CPU.Build.0 = Debug|Any CPU
		{0DC5695F-B10B-4CA7-97FC-D8BAE1ED86C5}.Release|Any CPU.ActiveCfg = Release|Any CPU
		{0DC5695F-B10B-4CA7-97FC-D8BAE1ED86C5}.Release|Any CPU.Build.0 = Release|Any CPU
		{C4079F5E-3CC6-4E2B-8AF0-8EE149DA49FE}.Debug|Any CPU.ActiveCfg = Debug|Any CPU
		{C4079F5E-3CC6-4E2B-8AF0-8EE149DA49FE}.Debug|Any CPU.Build.0 = Debug|Any CPU
		{C4079F5E-3CC6-4E2B-8AF0-8EE149DA49FE}.Release|Any CPU.ActiveCfg = Release|Any CPU
		{C4079F5E-3CC6-4E2B-8AF0-8EE149DA49FE}.Release|Any CPU.Build.0 = Release|Any CPU
		{A6DB4162-2744-4E0A-BDB4-952806C2FA5A}.Debug|Any CPU.ActiveCfg = Debug|Any CPU
		{A6DB4162-2744-4E0A-BDB4-952806C2FA5A}.Debug|Any CPU.Build.0 = Debug|Any CPU
		{A6DB4162-2744-4E0A-BDB4-952806C2FA5A}.Release|Any CPU.ActiveCfg = Release|Any CPU
		{A6DB4162-2744-4E0A-BDB4-952806C2FA5A}.Release|Any CPU.Build.0 = Release|Any CPU
		{061C9EB4-04AB-4E45-8B4F-C9D7EEDE66FE}.Debug|Any CPU.ActiveCfg = Debug|Any CPU
		{061C9EB4-04AB-4E45-8B4F-C9D7EEDE66FE}.Debug|Any CPU.Build.0 = Debug|Any CPU
		{061C9EB4-04AB-4E45-8B4F-C9D7EEDE66FE}.Release|Any CPU.ActiveCfg = Release|Any CPU
		{061C9EB4-04AB-4E45-8B4F-C9D7EEDE66FE}.Release|Any CPU.Build.0 = Release|Any CPU
	EndGlobalSection
	GlobalSection(SolutionProperties) = preSolution
		HideSolutionNode = FALSE
	EndGlobalSection
	GlobalSection(ExtensibilityGlobals) = postSolution
		SolutionGuid = {3D487F7B-A866-484B-A9D1-6C3FE85E085F}
	EndGlobalSection
EndGlobal
